
Microsoft Visual Studio Solution File, Format Version 12.00
# Visual Studio 15
VisualStudioVersion = 15.0.28010.2046
MinimumVisualStudioVersion = 10.0.40219.1
Project("{9A19103F-16F7-4668-BE54-9A1E7A4F7556}") = "ESoftor.WebApi", "ESoftor.WebApi\ESoftor.WebApi.csproj", "{1BE7FBC7-D3EC-438D-9894-EEF85E9023E8}"
EndProject
Project("{2150E333-8FDC-42A3-9474-1A3956D46DE8}") = "1.Infrastructure", "1.Infrastructure", "{18AB3A75-5FD1-4429-BB88-4D6F984E4D41}"
EndProject
Project("{2150E333-8FDC-42A3-9474-1A3956D46DE8}") = "2.DbFactory", "2.DbFactory", "{BE845B3E-847E-4F77-BC65-A1719B5F6E25}"
EndProject
Project("{2150E333-8FDC-42A3-9474-1A3956D46DE8}") = "3.Projects", "3.Projects", "{AEF18D19-0CD4-4356-ADD8-08F43E35EB9C}"
EndProject
Project("{9A19103F-16F7-4668-BE54-9A1E7A4F7556}") = "ESoftor", "ESoftor\ESoftor.csproj", "{08248A7D-EEA3-4FD4-83A7-25AAF90DA431}"
EndProject
Project("{9A19103F-16F7-4668-BE54-9A1E7A4F7556}") = "ESoftor.EntityFrameworkCore", "ESoftor.EntityFrameworkCore\ESoftor.EntityFrameworkCore.csproj", "{634D83D5-D7D9-49DC-A153-1BA3ED33070D}"
EndProject
Project("{9A19103F-16F7-4668-BE54-9A1E7A4F7556}") = "ESoftor.EntityFrameworkCore.SqlServer", "ESoftor.EntityFrameworkCore.SqlServer\ESoftor.EntityFrameworkCore.SqlServer.csproj", "{80515ABF-3535-4156-B70E-CB8D4D6E012A}"
EndProject
Project("{2150E333-8FDC-42A3-9474-1A3956D46DE8}") = "3.1.Novel", "3.1.Novel", "{CAEAAF48-CDDC-4B6C-8664-103AF96AF828}"
EndProject
Project("{2150E333-8FDC-42A3-9474-1A3956D46DE8}") = "3.0.UnitTest", "3.0.UnitTest", "{09ADAFE8-D097-4CA3-B50E-C9B830E90B5E}"
EndProject
Project("{FAE04EC0-301F-11D3-BF4B-00C04F79EFBC}") = "UnitTestProject1", "UnitTestProject1\UnitTestProject1.csproj", "{F046EE4D-F75D-437B-945F-1652F0B8C0E4}"
EndProject
Project("{FAE04EC0-301F-11D3-BF4B-00C04F79EFBC}") = "ESoftor.EntityFrameworkCore.MySql", "ESoftor.EntityFrameworkCore.MySql\ESoftor.EntityFrameworkCore.MySql.csproj", "{E76D8D5F-E28A-44E4-B9DB-353E98112B24}"
EndProject
Project("{FAE04EC0-301F-11D3-BF4B-00C04F79EFBC}") = "ESoftor.EntityFrameworkCore.Authorization", "ESoftor.EntityFrameworkCore.Authorization\ESoftor.EntityFrameworkCore.Authorization.csproj", "{0E033F4A-4EC6-4249-ACBE-FDF1D70D02B3}"
EndProject
Global
	GlobalSection(SolutionConfigurationPlatforms) = preSolution
		Debug|Any CPU = Debug|Any CPU
		Release|Any CPU = Release|Any CPU
	EndGlobalSection
	GlobalSection(ProjectConfigurationPlatforms) = postSolution
		{1BE7FBC7-D3EC-438D-9894-EEF85E9023E8}.Debug|Any CPU.ActiveCfg = Debug|Any CPU
		{1BE7FBC7-D3EC-438D-9894-EEF85E9023E8}.Debug|Any CPU.Build.0 = Debug|Any CPU
		{1BE7FBC7-D3EC-438D-9894-EEF85E9023E8}.Release|Any CPU.ActiveCfg = Release|Any CPU
		{1BE7FBC7-D3EC-438D-9894-EEF85E9023E8}.Release|Any CPU.Build.0 = Release|Any CPU
		{08248A7D-EEA3-4FD4-83A7-25AAF90DA431}.Debug|Any CPU.ActiveCfg = Debug|Any CPU
		{08248A7D-EEA3-4FD4-83A7-25AAF90DA431}.Debug|Any CPU.Build.0 = Debug|Any CPU
		{08248A7D-EEA3-4FD4-83A7-25AAF90DA431}.Release|Any CPU.ActiveCfg = Release|Any CPU
		{08248A7D-EEA3-4FD4-83A7-25AAF90DA431}.Release|Any CPU.Build.0 = Release|Any CPU
		{634D83D5-D7D9-49DC-A153-1BA3ED33070D}.Debug|Any CPU.ActiveCfg = Debug|Any CPU
		{634D83D5-D7D9-49DC-A153-1BA3ED33070D}.Debug|Any CPU.Build.0 = Debug|Any CPU
		{634D83D5-D7D9-49DC-A153-1BA3ED33070D}.Release|Any CPU.ActiveCfg = Release|Any CPU
		{634D83D5-D7D9-49DC-A153-1BA3ED33070D}.Release|Any CPU.Build.0 = Release|Any CPU
		{80515ABF-3535-4156-B70E-CB8D4D6E012A}.Debug|Any CPU.ActiveCfg = Debug|Any CPU
		{80515ABF-3535-4156-B70E-CB8D4D6E012A}.Debug|Any CPU.Build.0 = Debug|Any CPU
		{80515ABF-3535-4156-B70E-CB8D4D6E012A}.Release|Any CPU.ActiveCfg = Release|Any CPU
		{80515ABF-3535-4156-B70E-CB8D4D6E012A}.Release|Any CPU.Build.0 = Release|Any CPU
		{F046EE4D-F75D-437B-945F-1652F0B8C0E4}.Debug|Any CPU.ActiveCfg = Debug|Any CPU
		{F046EE4D-F75D-437B-945F-1652F0B8C0E4}.Debug|Any CPU.Build.0 = Debug|Any CPU
		{F046EE4D-F75D-437B-945F-1652F0B8C0E4}.Release|Any CPU.ActiveCfg = Release|Any CPU
		{F046EE4D-F75D-437B-945F-1652F0B8C0E4}.Release|Any CPU.Build.0 = Release|Any CPU
		{E76D8D5F-E28A-44E4-B9DB-353E98112B24}.Debug|Any CPU.ActiveCfg = Debug|Any CPU
		{E76D8D5F-E28A-44E4-B9DB-353E98112B24}.Debug|Any CPU.Build.0 = Debug|Any CPU
		{E76D8D5F-E28A-44E4-B9DB-353E98112B24}.Release|Any CPU.ActiveCfg = Release|Any CPU
		{E76D8D5F-E28A-44E4-B9DB-353E98112B24}.Release|Any CPU.Build.0 = Release|Any CPU
		{0E033F4A-4EC6-4249-ACBE-FDF1D70D02B3}.Debug|Any CPU.ActiveCfg = Debug|Any CPU
		{0E033F4A-4EC6-4249-ACBE-FDF1D70D02B3}.Debug|Any CPU.Build.0 = Debug|Any CPU
		{0E033F4A-4EC6-4249-ACBE-FDF1D70D02B3}.Release|Any CPU.ActiveCfg = Release|Any CPU
		{0E033F4A-4EC6-4249-ACBE-FDF1D70D02B3}.Release|Any CPU.Build.0 = Release|Any CPU
	EndGlobalSection
	GlobalSection(SolutionProperties) = preSolution
		HideSolutionNode = FALSE
	EndGlobalSection
	GlobalSection(NestedProjects) = preSolution
		{1BE7FBC7-D3EC-438D-9894-EEF85E9023E8} = {CAEAAF48-CDDC-4B6C-8664-103AF96AF828}
		{08248A7D-EEA3-4FD4-83A7-25AAF90DA431} = {18AB3A75-5FD1-4429-BB88-4D6F984E4D41}
		{634D83D5-D7D9-49DC-A153-1BA3ED33070D} = {18AB3A75-5FD1-4429-BB88-4D6F984E4D41}
		{80515ABF-3535-4156-B70E-CB8D4D6E012A} = {BE845B3E-847E-4F77-BC65-A1719B5F6E25}
		{CAEAAF48-CDDC-4B6C-8664-103AF96AF828} = {AEF18D19-0CD4-4356-ADD8-08F43E35EB9C}
		{09ADAFE8-D097-4CA3-B50E-C9B830E90B5E} = {AEF18D19-0CD4-4356-ADD8-08F43E35EB9C}
		{F046EE4D-F75D-437B-945F-1652F0B8C0E4} = {09ADAFE8-D097-4CA3-B50E-C9B830E90B5E}
		{E76D8D5F-E28A-44E4-B9DB-353E98112B24} = {BE845B3E-847E-4F77-BC65-A1719B5F6E25}
		{0E033F4A-4EC6-4249-ACBE-FDF1D70D02B3} = {18AB3A75-5FD1-4429-BB88-4D6F984E4D41}
	EndGlobalSection
	GlobalSection(ExtensibilityGlobals) = postSolution
		SolutionGuid = {EB048828-DF83-45AB-943F-330B891075BB}
	EndGlobalSection
EndGlobal
